// !$*UTF8*$!
{
	archiveVersion = 1;
	classes = {
	};
	objectVersion = 56;
	objects = {

/* Begin PBXBuildFile section */
		0790CBD92919610900C5EB0F /* CofeeAppApp.swift in Sources */ = {isa = PBXBuildFile; fileRef = 0790CBD82919610900C5EB0F /* CofeeAppApp.swift */; };
		0790CBDB2919610900C5EB0F /* ContentView.swift in Sources */ = {isa = PBXBuildFile; fileRef = 0790CBDA2919610900C5EB0F /* ContentView.swift */; };
		0790CBDD2919610A00C5EB0F /* Assets.xcassets in Resources */ = {isa = PBXBuildFile; fileRef = 0790CBDC2919610A00C5EB0F /* Assets.xcassets */; };
		0790CBE02919610A00C5EB0F /* Preview Assets.xcassets in Resources */ = {isa = PBXBuildFile; fileRef = 0790CBDF2919610A00C5EB0F /* Preview Assets.xcassets */; };
		0790CBE9291966D600C5EB0F /* Coffee.swift in Sources */ = {isa = PBXBuildFile; fileRef = 0790CBE8291966D600C5EB0F /* Coffee.swift */; };
		0790CBED291968E600C5EB0F /* Home.swift in Sources */ = {isa = PBXBuildFile; fileRef = 0790CBEC291968E600C5EB0F /* Home.swift */; };
		0790CBEF2919848900C5EB0F /* LaunchScreen.storyboard in Resources */ = {isa = PBXBuildFile; fileRef = 0790CBEE2919848900C5EB0F /* LaunchScreen.storyboard */; };
/* End PBXBuildFile section */

/* Begin PBXFileReference section */
		0790CBD52919610900C5EB0F /* CofeeApp.app */ = {isa = PBXFileReference; explicitFileType = wrapper.application; includeInIndex = 0; path = CofeeApp.app; sourceTree = BUILT_PRODUCTS_DIR; };
		0790CBD82919610900C5EB0F /* CofeeAppApp.swift */ = {isa = PBXFileReference; lastKnownFileType = sourcecode.swift; path = CofeeAppApp.swift; sourceTree = "<group>"; };
		0790CBDA2919610900C5EB0F /* ContentView.swift */ = {isa = PBXFileReference; lastKnownFileType = sourcecode.swift; path = ContentView.swift; sourceTree = "<group>"; };
		0790CBDC2919610A00C5EB0F /* Assets.xcassets */ = {isa = PBXFileReference; lastKnownFileType = folder.assetcatalog; path = Assets.xcassets; sourceTree = "<group>"; };
		0790CBDF2919610A00C5EB0F /* Preview Assets.xcassets */ = {isa = PBXFileReference; lastKnownFileType = folder.assetcatalog; path = "Preview Assets.xcassets"; sourceTree = "<group>"; };
		0790CBE8291966D600C5EB0F /* Coffee.swift */ = {isa = PBXFileReference; lastKnownFileType = sourcecode.swift; path = Coffee.swift; sourceTree = "<group>"; };
		0790CBEC291968E600C5EB0F /* Home.swift */ = {isa = PBXFileReference; lastKnownFileType = sourcecode.swift; path = Home.swift; sourceTree = "<group>"; };
		0790CBEE2919848900C5EB0F /* LaunchScreen.storyboard */ = {isa = PBXFileReference; lastKnownFileType = file.storyboard; path = LaunchScreen.storyboard; sourceTree = "<group>"; };
/* End PBXFileReference section */

/* Begin PBXFrameworksBuildPhase section */
		0790CBD22919610900C5EB0F /* Frameworks */ = {
			isa = PBXFrameworksBuildPhase;
			buildActionMask = 2147483647;
			files = (
			);
			runOnlyForDeploymentPostprocessing = 0;
		};
/* End PBXFrameworksBuildPhase section */

/* Begin PBXGroup section */
		0790CBCC2919610900C5EB0F = {
			isa = PBXGroup;
			children = (
				0790CBD72919610900C5EB0F /* CofeeApp */,
				0790CBD62919610900C5EB0F /* Products */,
			);
			sourceTree = "<group>";
		};
		0790CBD62919610900C5EB0F /* Products */ = {
			isa = PBXGroup;
			children = (
				0790CBD52919610900C5EB0F /* CofeeApp.app */,
			);
			name = Products;
			sourceTree = "<group>";
		};
		0790CBD72919610900C5EB0F /* CofeeApp */ = {
			isa = PBXGroup;
			children = (
				0790CBE7291966C300C5EB0F /* Model */,
				0790CBE6291966BE00C5EB0F /* View */,
				0790CBDC2919610A00C5EB0F /* Assets.xcassets */,
				0790CBDE2919610A00C5EB0F /* Preview Content */,
			);
			path = CofeeApp;
			sourceTree = "<group>";
		};
		0790CBDE2919610A00C5EB0F /* Preview Content */ = {
			isa = PBXGroup;
			children = (
				0790CBDF2919610A00C5EB0F /* Preview Assets.xcassets */,
			);
			path = "Preview Content";
			sourceTree = "<group>";
		};
		0790CBE6291966BE00C5EB0F /* View */ = {
			isa = PBXGroup;
			children = (
				0790CBD82919610900C5EB0F /* CofeeAppApp.swift */,
				0790CBDA2919610900C5EB0F /* ContentView.swift */,
				0790CBEC291968E600C5EB0F /* Home.swift */,
				0790CBEE2919848900C5EB0F /* LaunchScreen.storyboard */,
			);
			path = View;
			sourceTree = "<group>";
		};
		0790CBE7291966C300C5EB0F /* Model */ = {
			isa = PBXGroup;
			children = (
				0790CBE8291966D600C5EB0F /* Coffee.swift */,
			);
			path = Model;
			sourceTree = "<group>";
		};
/* End PBXGroup section */

/* Begin PBXNativeTarget section */
		0790CBD42919610900C5EB0F /* CofeeApp */ = {
			isa = PBXNativeTarget;
			buildConfigurationList = 0790CBE32919610A00C5EB0F /* Build configuration list for PBXNativeTarget "CofeeApp" */;
			buildPhases = (
				0790CBD12919610900C5EB0F /* Sources */,
				0790CBD22919610900C5EB0F /* Frameworks */,
				0790CBD32919610900C5EB0F /* Resources */,
			);
			buildRules = (
			);
			dependencies = (
			);
			name = CofeeApp;
			productName = CofeeApp;
			productReference = 0790CBD52919610900C5EB0F /* CofeeApp.app */;
			productType = "com.apple.product-type.application";
		};
/* End PBXNativeTarget section */

/* Begin PBXProject section */
		0790CBCD2919610900C5EB0F /* Project object */ = {
			isa = PBXProject;
			attributes = {
				BuildIndependentTargetsInParallel = 1;
				LastSwiftUpdateCheck = 1400;
				LastUpgradeCheck = 1400;
				TargetAttributes = {
					0790CBD42919610900C5EB0F = {
						CreatedOnToolsVersion = 14.0.1;
					};
				};
			};
			buildConfigurationList = 0790CBD02919610900C5EB0F /* Build configuration list for PBXProject "CofeeApp" */;
			compatibilityVersion = "Xcode 14.0";
			developmentRegion = en;
			hasScannedForEncodings = 0;
			knownRegions = (
				en,
				Base,
			);
			mainGroup = 0790CBCC2919610900C5EB0F;
			productRefGroup = 0790CBD62919610900C5EB0F /* Products */;
			projectDirPath = "";
			projectRoot = "";
			targets = (
				0790CBD42919610900C5EB0F /* CofeeApp */,
			);
		};
/* End PBXProject section */

/* Begin PBXResourcesBuildPhase section */
		0790CBD32919610900C5EB0F /* Resources */ = {
			isa = PBXResourcesBuildPhase;
			buildActionMask = 2147483647;
			files = (
				0790CBEF2919848900C5EB0F /* LaunchScreen.storyboard in Resources */,
				0790CBE02919610A00C5EB0F /* Preview Assets.xcassets in Resources */,
				0790CBDD2919610A00C5EB0F /* Assets.xcassets in Resources */,
			);
			runOnlyForDeploymentPostprocessing = 0;
		};
/* End PBXResourcesBuildPhase section */

/* Begin PBXSourcesBuildPhase section */
		0790CBD12919610900C5EB0F /* Sources */ = {
			isa = PBXSourcesBuildPhase;
			buildActionMask = 2147483647;
			files = (
				0790CBDB2919610900C5EB0F /* ContentView.swift in Sources */,
				0790CBD92919610900C5EB0F /* CofeeAppApp.swift in Sources */,
				0790CBED291968E600C5EB0F /* Home.swift in Sources */,
				0790CBE9291966D600C5EB0F /* Coffee.swift in Sources */,
			);
			runOnlyForDeploymentPostprocessing = 0;
		};
/* End PBXSourcesBuildPhase section */

/* Begin XCBuildConfiguration section */
		0790CBE12919610A00C5EB0F /* Debug */ = {
			isa = XCBuildConfiguration;
			buildSettings = {
				ALWAYS_SEARCH_USER_PATHS = NO;
				CLANG_ANALYZER_NONNULL = YES;
				CLANG_ANALYZER_NUMBER_OBJECT_CONVERSION = YES_AGGRESSIVE;
				CLANG_CXX_LANGUAGE_STANDARD = "gnu++20";
				CLANG_ENABLE_MODULES = YES;
				CLANG_ENABLE_OBJC_ARC = YES;
				CLANG_ENABLE_OBJC_WEAK = YES;
				CLANG_WARN_BLOCK_CAPTURE_AUTORELEASING = YES;
				CLANG_WARN_BOOL_CONVERSION = YES;
				CLANG_WARN_COMMA = YES;
				CLANG_WARN_CONSTANT_CONVERSION = YES;
				CLANG_WARN_DEPRECATED_OBJC_IMPLEMENTATIONS = YES;
				CLANG_WARN_DIRECT_OBJC_ISA_USAGE = YES_ERROR;
				CLANG_WARN_DOCUMENTATION_COMMENTS = YES;
				CLANG_WARN_EMPTY_BODY = YES;
				CLANG_WARN_ENUM_CONVERSION = YES;
				CLANG_WARN_INFINITE_RECURSION = YES;
				CLANG_WARN_INT_CONVERSION = YES;
				CLANG_WARN_NON_LITERAL_NULL_CONVERSION = YES;
				CLANG_WARN_OBJC_IMPLICIT_RETAIN_SELF = YES;
				CLANG_WARN_OBJC_LITERAL_CONVERSION = YES;
				CLANG_WARN_OBJC_ROOT_CLASS = YES_ERROR;
				CLANG_WARN_QUOTED_INCLUDE_IN_FRAMEWORK_HEADER = YES;
				CLANG_WARN_RANGE_LOOP_ANALYSIS = YES;
				CLANG_WARN_STRICT_PROTOTYPES = YES;
				CLANG_WARN_SUSPICIOUS_MOVE = YES;
				CLANG_WARN_UNGUARDED_AVAILABILITY = YES_AGGRESSIVE;
				CLANG_WARN_UNREACHABLE_CODE = YES;
				CLANG_WARN__DUPLICATE_METHOD_MATCH = YES;
				COPY_PHASE_STRIP = NO;
				DEBUG_INFORMATION_FORMAT = dwarf;
				ENABLE_STRICT_OBJC_MSGSEND = YES;
				ENABLE_TESTABILITY = YES;
				GCC_C_LANGUAGE_STANDARD = gnu11;
				GCC_DYNAMIC_NO_PIC = NO;
				GCC_NO_COMMON_BLOCKS = YES;
				GCC_OPTIMIZATION_LEVEL = 0;
				GCC_PREPROCESSOR_DEFINITIONS = (
					"DEBUG=1",
					"$(inherited)",
				);
				GCC_WARN_64_TO_32_BIT_CONVERSION = YES;
				GCC_WARN_ABOUT_RETURN_TYPE = YES_ERROR;
				GCC_WARN_UNDECLARED_SELECTOR = YES;
				GCC_WARN_UNINITIALIZED_AUTOS = YES_AGGRESSIVE;
				GCC_WARN_UNUSED_FUNCTION = YES;
				GCC_WARN_UNUSED_VARIABLE = YES;
				IPHONEOS_DEPLOYMENT_TARGET = 16.0;
				MTL_ENABLE_DEBUG_INFO = INCLUDE_SOURCE;
				MTL_FAST_MATH = YES;
				ONLY_ACTIVE_ARCH = YES;
				SDKROOT = iphoneos;
				SWIFT_ACTIVE_COMPILATION_CONDITIONS = DEBUG;
				SWIFT_OPTIMIZATION_LEVEL = "-Onone";
			};
			name = Debug;
		};
		0790CBE22919610A00C5EB0F /* Release */ = {
			isa = XCBuildConfiguration;
			buildSettings = {
				ALWAYS_SEARCH_USER_PATHS = NO;
				CLANG_ANALYZER_NONNULL = YES;
				CLANG_ANALYZER_NUMBER_OBJECT_CONVERSION = YES_AGGRESSIVE;
				CLANG_CXX_LANGUAGE_STANDARD = "gnu++20";
				CLANG_ENABLE_MODULES = YES;
				CLANG_ENABLE_OBJC_ARC = YES;
				CLANG_ENABLE_OBJC_WEAK = YES;
				CLANG_WARN_BLOCK_CAPTURE_AUTORELEASING = YES;
				CLANG_WARN_BOOL_CONVERSION = YES;
				CLANG_WARN_COMMA = YES;
				CLANG_WARN_CONSTANT_CONVERSION = YES;
				CLANG_WARN_DEPRECATED_OBJC_IMPLEMENTATIONS = YES;
				CLANG_WARN_DIRECT_OBJC_ISA_USAGE = YES_ERROR;
				CLANG_WARN_DOCUMENTATION_COMMENTS = YES;
				CLANG_WARN_EMPTY_BODY = YES;
				CLANG_WARN_ENUM_CONVERSION = YES;
				CLANG_WARN_INFINITE_RECURSION = YES;
				CLANG_WARN_INT_CONVERSION = YES;
				CLANG_WARN_NON_LITERAL_NULL_CONVERSION = YES;
				CLANG_WARN_OBJC_IMPLICIT_RETAIN_SELF = YES;
				CLANG_WARN_OBJC_LITERAL_CONVERSION = YES;
				CLANG_WARN_OBJC_ROOT_CLASS = YES_ERROR;
				CLANG_WARN_QUOTED_INCLUDE_IN_FRAMEWORK_HEADER = YES;
				CLANG_WARN_RANGE_LOOP_ANALYSIS = YES;
				CLANG_WARN_STRICT_PROTOTYPES = YES;
				CLANG_WARN_SUSPICIOUS_MOVE = YES;
				CLANG_WARN_UNGUARDED_AVAILABILITY = YES_AGGRESSIVE;
				CLANG_WARN_UNREACHABLE_CODE = YES;
				CLANG_WARN__DUPLICATE_METHOD_MATCH = YES;
				COPY_PHASE_STRIP = NO;
				DEBUG_INFORMATION_FORMAT = "dwarf-with-dsym";
				ENABLE_NS_ASSERTIONS = NO;
				ENABLE_STRICT_OBJC_MSGSEND = YES;
				GCC_C_LANGUAGE_STANDARD = gnu11;
				GCC_NO_COMMON_BLOCKS = YES;
				GCC_WARN_64_TO_32_BIT_CONVERSION = YES;
				GCC_WARN_ABOUT_RETURN_TYPE = YES_ERROR;
				GCC_WARN_UNDECLARED_SELECTOR = YES;
				GCC_WARN_UNINITIALIZED_AUTOS = YES_AGGRESSIVE;
				GCC_WARN_UNUSED_FUNCTION = YES;
				GCC_WARN_UNUSED_VARIABLE = YES;
				IPHONEOS_DEPLOYMENT_TARGET = 16.0;
				MTL_ENABLE_DEBUG_INFO = NO;
				MTL_FAST_MATH = YES;
				SDKROOT = iphoneos;
				SWIFT_COMPILATION_MODE = wholemodule;
				SWIFT_OPTIMIZATION_LEVEL = "-O";
				VALIDATE_PRODUCT = YES;
			};
			name = Release;
		};
		0790CBE42919610A00C5EB0F /* Debug */ = {
			isa = XCBuildConfiguration;
			buildSettings = {
				ASSETCATALOG_COMPILER_APPICON_NAME = AppIcon;
				ASSETCATALOG_COMPILER_GLOBAL_ACCENT_COLOR_NAME = AccentColor;
				ASSETCATALOG_COMPILER_INCLUDE_ALL_APPICON_ASSETS = YES;
				CODE_SIGN_STYLE = Automatic;
				CURRENT_PROJECT_VERSION = 1;
				DEVELOPMENT_ASSET_PATHS = "\"CofeeApp/Preview Content\"";
				DEVELOPMENT_TEAM = QV37CC32ZJ;
				ENABLE_PREVIEWS = YES;
				GENERATE_INFOPLIST_FILE = YES;
				INFOPLIST_KEY_UIApplicationSceneManifest_Generation = YES;
				INFOPLIST_KEY_UIApplicationSupportsIndirectInputEvents = YES;
				INFOPLIST_KEY_UILaunchScreen_Generation = YES;
				INFOPLIST_KEY_UILaunchStoryboardName = LaunchScreen.storyboard;
				INFOPLIST_KEY_UISupportedInterfaceOrientations_iPad = "UIInterfaceOrientationPortrait UIInterfaceOrientationPortraitUpsideDown UIInterfaceOrientationLandscapeLeft UIInterfaceOrientationLandscapeRight";
				INFOPLIST_KEY_UISupportedInterfaceOrientations_iPhone = "UIInterfaceOrientationPortrait UIInterfaceOrientationLandscapeLeft UIInterfaceOrientationLandscapeRight";
				LD_RUNPATH_SEARCH_PATHS = (
					"$(inherited)",
					"@executable_path/Frameworks",
				);
				MARKETING_VERSION = 1.0;
				PRODUCT_BUNDLE_IDENTIFIER = com.kalchabek.CofeeApp;
				PRODUCT_NAME = "$(TARGET_NAME)";
				SWIFT_EMIT_LOC_STRINGS = YES;
				SWIFT_VERSION = 5.0;
				TARGETED_DEVICE_FAMILY = "1,2";
			};
			name = Debug;
		};
		0790CBE52919610A00C5EB0F /* Release */ = {
			isa = XCBuildConfiguration;
			buildSettings = {
				ASSETCATALOG_COMPILER_APPICON_NAME = AppIcon;
				ASSETCATALOG_COMPILER_GLOBAL_ACCENT_COLOR_NAME = AccentColor;
				ASSETCATALOG_COMPILER_INCLUDE_ALL_APPICON_ASSETS = YES;
				CODE_SIGN_STYLE = Automatic;
				CURRENT_PROJECT_VERSION = 1;
				DEVELOPMENT_ASSET_PATHS = "\"CofeeApp/Preview Content\"";
				DEVELOPMENT_TEAM = QV37CC32ZJ;
				ENABLE_PREVIEWS = YES;
				GENERATE_INFOPLIST_FILE = YES;
				INFOPLIST_KEY_UIApplicationSceneManifest_Generation = YES;
				INFOPLIST_KEY_UIApplicationSupportsIndirectInputEvents = YES;
				INFOPLIST_KEY_UILaunchScreen_Generation = YES;
				INFOPLIST_KEY_UILaunchStoryboardName = LaunchScreen.storyboard;
				INFOPLIST_KEY_UISupportedInterfaceOrientations_iPad = "UIInterfaceOrientationPortrait UIInterfaceOrientationPortraitUpsideDown UIInterfaceOrientationLandscapeLeft UIInterfaceOrientationLandscapeRight";
				INFOPLIST_KEY_UISupportedInterfaceOrientations_iPhone = "UIInterfaceOrientationPortrait UIInterfaceOrientationLandscapeLeft UIInterfaceOrientationLandscapeRight";
				LD_RUNPATH_SEARCH_PATHS = (
					"$(inherited)",
					"@executable_path/Frameworks",
				);
				MARKETING_VERSION = 1.0;
				PRODUCT_BUNDLE_IDENTIFIER = com.kalchabek.CofeeApp;
				PRODUCT_NAME = "$(TARGET_NAME)";
				SWIFT_EMIT_LOC_STRINGS = YES;
				SWIFT_VERSION = 5.0;
				TARGETED_DEVICE_FAMILY = "1,2";
			};
			name = Release;
		};
/* End XCBuildConfiguration section */

/* Begin XCConfigurationList section */
		0790CBD02919610900C5EB0F /* Build configuration list for PBXProject "CofeeApp" */ = {
			isa = XCConfigurationList;
			buildConfigurations = (
				0790CBE12919610A00C5EB0F /* Debug */,
				0790CBE22919610A00C5EB0F /* Release */,
			);
			defaultConfigurationIsVisible = 0;
			defaultConfigurationName = Release;
		};
		0790CBE32919610A00C5EB0F /* Build configuration list for PBXNativeTarget "CofeeApp" */ = {
			isa = XCConfigurationList;
			buildConfigurations = (
				0790CBE42919610A00C5EB0F /* Debug */,
				0790CBE52919610A00C5EB0F /* Release */,
			);
			defaultConfigurationIsVisible = 0;
			defaultConfigurationName = Release;
		};
/* End XCConfigurationList section */
	};
	rootObject = 0790CBCD2919610900C5EB0F /* Project object */;
}
